
Microsoft Visual Studio Solution File, Format Version 12.00
# Visual Studio Version 17
VisualStudioVersion = 17.0.32112.339
MinimumVisualStudioVersion = 10.0.40219.1
Project("{888888A0-9F3D-457C-B088-3A5042F75D52}") = "프로그래머스_코드", "프로그래머스_코드\프로그래머스_코드.pyproj", "{970A9971-3521-4547-82A1-23A6E7DD6F74}"
EndProject
Global
	GlobalSection(SolutionConfigurationPlatforms) = preSolution
		Debug|Any CPU = Debug|Any CPU
		Release|Any CPU = Release|Any CPU
	EndGlobalSection
	GlobalSection(ProjectConfigurationPlatforms) = postSolution
		{970A9971-3521-4547-82A1-23A6E7DD6F74}.Debug|Any CPU.ActiveCfg = Debug|Any CPU
		{970A9971-3521-4547-82A1-23A6E7DD6F74}.Release|Any CPU.ActiveCfg = Release|Any CPU
	EndGlobalSection
	GlobalSection(SolutionProperties) = preSolution
		HideSolutionNode = FALSE
	EndGlobalSection
	GlobalSection(ExtensibilityGlobals) = postSolution
		SolutionGuid = {C271E103-9649-43BC-91A6-AD4200540AF0}
	EndGlobalSection
EndGlobal
